{
  "version": 4,
  "terraform_version": "1.4.6",
  "serial": 9,
  "lineage": "15330ab5-eed9-9673-304c-b63e1d5f7cc8",
  "outputs": {
    "bastion_private_ip": {
      "value": "192.168.10.9",
      "type": "string"
    },
    "bastion_public_ip": {
      "value": "84.201.130.92",
      "type": "string"
    },
    "web_a_private_ip": {
      "value": "192.168.10.32",
      "type": "string"
    },
    "web_b_private_ip": {
      "value": "192.168.10.25",
      "type": "string"
    }
  },
  "resources": [
    {
      "mode": "managed",
      "type": "yandex_compute_instance",
      "name": "bastion",
      "provider": "provider[\"registry.terraform.io/yandex-cloud/yandex\"]",
      "instances": [
        {
          "schema_version": 1,
          "attributes": {
            "allow_recreate": null,
            "allow_stopping_for_update": null,
            "boot_disk": [
              {
                "auto_delete": true,
                "device_name": "fhm112sa4da5pgv1nvjp",
                "disk_id": "fhm112sa4da5pgv1nvjp",
                "initialize_params": [
                  {
                    "block_size": 4096,
                    "description": "",
                    "image_id": "fd8kdq6d0p8sij7h5qe3",
                    "kms_key_id": "",
                    "name": "",
                    "size": 10,
                    "snapshot_id": "",
                    "type": "network-hdd"
                  }
                ],
                "mode": "READ_WRITE"
              }
            ],
            "created_at": "2025-10-23T10:39:43Z",
            "description": "",
            "filesystem": [],
            "folder_id": "b1ggfbvqp4r5b1trk8ec",
            "fqdn": "fhme4ra2sfm0f17g3duq.auto.internal",
            "gpu_cluster_id": "",
            "hardware_generation": [
              {
                "generation2_features": [],
                "legacy_features": [
                  {
                    "pci_topology": "PCI_TOPOLOGY_V1"
                  }
                ]
              }
            ],
            "hostname": "",
            "id": "fhme4ra2sfm0f17g3duq",
            "labels": {},
            "local_disk": [],
            "maintenance_grace_period": "",
            "maintenance_policy": null,
            "metadata": {
              "ssh-keys": "ubuntu:ssh-rsa AAAAB3NzaC1yc2EAAAADAQABAAABAQDYYRooydyclgdDP8JZQG7XASCwHXvzC6GOOL9Rla6fgtzWG8FMRWM/uL8AvW/PlwaFl/xmidA755zx2TwFNyjMktCKfCF5b8OIfJ5Zc/bKwaNyeiTYVZQsJuoQ6SoWeVyRhk0IrghfytyYfBIC3Kfn+/rKrK+CxES3hgxDbWDgNjMXoZkmfj4YWrmN7pOkesKiblVlTKzONYkJQs7TMZgGeuBh/pXs8B0nLzBfDKU7UZy7mDF73OiOvPTyPO1HYlCFrbqjVR52hvBoPpHjI6e6jDi0qS7RK7sg4rhugC8xrMk445V6P5S17cEmYS9dP51je97NN6Y3eYZz80Mc3Xvv nvzar@compute-vm-nv\n"
            },
            "metadata_options": [
              {
                "aws_v1_http_endpoint": 1,
                "aws_v1_http_token": 2,
                "gce_http_endpoint": 1,
                "gce_http_token": 1
              }
            ],
            "name": "bastion",
            "network_acceleration_type": "standard",
            "network_interface": [
              {
                "dns_record": [],
                "index": 0,
                "ip_address": "192.168.10.9",
                "ipv4": true,
                "ipv6": false,
                "ipv6_address": "",
                "ipv6_dns_record": [],
                "mac_address": "d0:0d:e2:6d:42:e3",
                "nat": true,
                "nat_dns_record": [],
                "nat_ip_address": "84.201.130.92",
                "nat_ip_version": "IPV4",
                "security_group_ids": [],
                "subnet_id": "e9b0r3ip5ct4s2281pk0"
              }
            ],
            "placement_policy": [
              {
                "host_affinity_rules": [],
                "placement_group_id": "",
                "placement_group_partition": 0
              }
            ],
            "platform_id": "standard-v1",
            "resources": [
              {
                "core_fraction": 100,
                "cores": 2,
                "gpus": 0,
                "memory": 2
              }
            ],
            "scheduling_policy": [
              {
                "preemptible": false
              }
            ],
            "secondary_disk": [],
            "service_account_id": "",
            "status": "running",
            "timeouts": null,
            "zone": "ru-central1-a"
          },
          "sensitive_attributes": [],
          "private": "eyJlMmJmYjczMC1lY2FhLTExZTYtOGY4OC0zNDM2M2JjN2M0YzAiOnsiY3JlYXRlIjozMDAwMDAwMDAwMDAsImRlbGV0ZSI6MzAwMDAwMDAwMDAwLCJ1cGRhdGUiOjMwMDAwMDAwMDAwMH0sInNjaGVtYV92ZXJzaW9uIjoiMSJ9",
          "dependencies": [
            "yandex_vpc_network.network-1",
            "yandex_vpc_route_table.rt",
            "yandex_vpc_subnet.subnet-1"
          ]
        }
      ]
    },
    {
      "mode": "managed",
      "type": "yandex_compute_instance",
      "name": "web-a",
      "provider": "provider[\"registry.terraform.io/yandex-cloud/yandex\"]",
      "instances": [
        {
          "schema_version": 1,
          "attributes": {
            "allow_recreate": null,
            "allow_stopping_for_update": null,
            "boot_disk": [
              {
                "auto_delete": true,
                "device_name": "fhmo086gbdmi9pkbb5nm",
                "disk_id": "fhmo086gbdmi9pkbb5nm",
                "initialize_params": [
                  {
                    "block_size": 4096,
                    "description": "",
                    "image_id": "fd8kdq6d0p8sij7h5qe3",
                    "kms_key_id": "",
                    "name": "",
                    "size": 10,
                    "snapshot_id": "",
                    "type": "network-hdd"
                  }
                ],
                "mode": "READ_WRITE"
              }
            ],
            "created_at": "2025-10-23T10:39:43Z",
            "description": "",
            "filesystem": [],
            "folder_id": "b1ggfbvqp4r5b1trk8ec",
            "fqdn": "fhmp2lsj6r1949l0hkr4.auto.internal",
            "gpu_cluster_id": "",
            "hardware_generation": [
              {
                "generation2_features": [],
                "legacy_features": [
                  {
                    "pci_topology": "PCI_TOPOLOGY_V1"
                  }
                ]
              }
            ],
            "hostname": "",
            "id": "fhmp2lsj6r1949l0hkr4",
            "labels": {},
            "local_disk": [],
            "maintenance_grace_period": "",
            "maintenance_policy": null,
            "metadata": {
              "ssh-keys": "ubuntu:ssh-rsa AAAAB3NzaC1yc2EAAAADAQABAAABAQDYYRooydyclgdDP8JZQG7XASCwHXvzC6GOOL9Rla6fgtzWG8FMRWM/uL8AvW/PlwaFl/xmidA755zx2TwFNyjMktCKfCF5b8OIfJ5Zc/bKwaNyeiTYVZQsJuoQ6SoWeVyRhk0IrghfytyYfBIC3Kfn+/rKrK+CxES3hgxDbWDgNjMXoZkmfj4YWrmN7pOkesKiblVlTKzONYkJQs7TMZgGeuBh/pXs8B0nLzBfDKU7UZy7mDF73OiOvPTyPO1HYlCFrbqjVR52hvBoPpHjI6e6jDi0qS7RK7sg4rhugC8xrMk445V6P5S17cEmYS9dP51je97NN6Y3eYZz80Mc3Xvv nvzar@compute-vm-nv\n"
            },
            "metadata_options": [
              {
                "aws_v1_http_endpoint": 1,
                "aws_v1_http_token": 2,
                "gce_http_endpoint": 1,
                "gce_http_token": 1
              }
            ],
            "name": "web-a",
            "network_acceleration_type": "standard",
            "network_interface": [
              {
                "dns_record": [],
                "index": 0,
                "ip_address": "192.168.10.32",
                "ipv4": true,
                "ipv6": false,
                "ipv6_address": "",
                "ipv6_dns_record": [],
                "mac_address": "d0:0d:19:15:79:33",
                "nat": false,
                "nat_dns_record": [],
                "nat_ip_address": "",
                "nat_ip_version": "",
                "security_group_ids": [],
                "subnet_id": "e9b0r3ip5ct4s2281pk0"
              }
            ],
            "placement_policy": [
              {
                "host_affinity_rules": [],
                "placement_group_id": "",
                "placement_group_partition": 0
              }
            ],
            "platform_id": "standard-v1",
            "resources": [
              {
                "core_fraction": 100,
                "cores": 2,
                "gpus": 0,
                "memory": 2
              }
            ],
            "scheduling_policy": [
              {
                "preemptible": false
              }
            ],
            "secondary_disk": [],
            "service_account_id": "",
            "status": "running",
            "timeouts": null,
            "zone": "ru-central1-a"
          },
          "sensitive_attributes": [],
          "private": "eyJlMmJmYjczMC1lY2FhLTExZTYtOGY4OC0zNDM2M2JjN2M0YzAiOnsiY3JlYXRlIjozMDAwMDAwMDAwMDAsImRlbGV0ZSI6MzAwMDAwMDAwMDAwLCJ1cGRhdGUiOjMwMDAwMDAwMDAwMH0sInNjaGVtYV92ZXJzaW9uIjoiMSJ9",
          "dependencies": [
            "yandex_vpc_network.network-1",
            "yandex_vpc_route_table.rt",
            "yandex_vpc_subnet.subnet-1"
          ]
        }
      ]
    },
    {
      "mode": "managed",
      "type": "yandex_compute_instance",
      "name": "web-b",
      "provider": "provider[\"registry.terraform.io/yandex-cloud/yandex\"]",
      "instances": [
        {
          "schema_version": 1,
          "attributes": {
            "allow_recreate": null,
            "allow_stopping_for_update": null,
            "boot_disk": [
              {
                "auto_delete": true,
                "device_name": "fhmekedjr3fm6lkr6erb",
                "disk_id": "fhmekedjr3fm6lkr6erb",
                "initialize_params": [
                  {
                    "block_size": 4096,
                    "description": "",
                    "image_id": "fd8kdq6d0p8sij7h5qe3",
                    "kms_key_id": "",
                    "name": "",
                    "size": 10,
                    "snapshot_id": "",
                    "type": "network-hdd"
                  }
                ],
                "mode": "READ_WRITE"
              }
            ],
            "created_at": "2025-10-23T10:39:44Z",
            "description": "",
            "filesystem": [],
            "folder_id": "b1ggfbvqp4r5b1trk8ec",
            "fqdn": "fhm8pb2ch2ih2sd1ul4n.auto.internal",
            "gpu_cluster_id": "",
            "hardware_generation": [
              {
                "generation2_features": [],
                "legacy_features": [
                  {
                    "pci_topology": "PCI_TOPOLOGY_V1"
                  }
                ]
              }
            ],
            "hostname": "",
            "id": "fhm8pb2ch2ih2sd1ul4n",
            "labels": {},
            "local_disk": [],
            "maintenance_grace_period": "",
            "maintenance_policy": null,
            "metadata": {
              "ssh-keys": "ubuntu:ssh-rsa AAAAB3NzaC1yc2EAAAADAQABAAABAQDYYRooydyclgdDP8JZQG7XASCwHXvzC6GOOL9Rla6fgtzWG8FMRWM/uL8AvW/PlwaFl/xmidA755zx2TwFNyjMktCKfCF5b8OIfJ5Zc/bKwaNyeiTYVZQsJuoQ6SoWeVyRhk0IrghfytyYfBIC3Kfn+/rKrK+CxES3hgxDbWDgNjMXoZkmfj4YWrmN7pOkesKiblVlTKzONYkJQs7TMZgGeuBh/pXs8B0nLzBfDKU7UZy7mDF73OiOvPTyPO1HYlCFrbqjVR52hvBoPpHjI6e6jDi0qS7RK7sg4rhugC8xrMk445V6P5S17cEmYS9dP51je97NN6Y3eYZz80Mc3Xvv nvzar@compute-vm-nv\n"
            },
            "metadata_options": [
              {
                "aws_v1_http_endpoint": 1,
                "aws_v1_http_token": 2,
                "gce_http_endpoint": 1,
                "gce_http_token": 1
              }
            ],
            "name": "web-b",
            "network_acceleration_type": "standard",
            "network_interface": [
              {
                "dns_record": [],
                "index": 0,
                "ip_address": "192.168.10.25",
                "ipv4": true,
                "ipv6": false,
                "ipv6_address": "",
                "ipv6_dns_record": [],
                "mac_address": "d0:0d:8c:ac:4c:88",
                "nat": false,
                "nat_dns_record": [],
                "nat_ip_address": "",
                "nat_ip_version": "",
                "security_group_ids": [],
                "subnet_id": "e9b0r3ip5ct4s2281pk0"
              }
            ],
            "placement_policy": [
              {
                "host_affinity_rules": [],
                "placement_group_id": "",
                "placement_group_partition": 0
              }
            ],
            "platform_id": "standard-v1",
            "resources": [
              {
                "core_fraction": 100,
                "cores": 2,
                "gpus": 0,
                "memory": 2
              }
            ],
            "scheduling_policy": [
              {
                "preemptible": false
              }
            ],
            "secondary_disk": [],
            "service_account_id": "",
            "status": "running",
            "timeouts": null,
            "zone": "ru-central1-a"
          },
          "sensitive_attributes": [],
          "private": "eyJlMmJmYjczMC1lY2FhLTExZTYtOGY4OC0zNDM2M2JjN2M0YzAiOnsiY3JlYXRlIjozMDAwMDAwMDAwMDAsImRlbGV0ZSI6MzAwMDAwMDAwMDAwLCJ1cGRhdGUiOjMwMDAwMDAwMDAwMH0sInNjaGVtYV92ZXJzaW9uIjoiMSJ9",
          "dependencies": [
            "yandex_vpc_network.network-1",
            "yandex_vpc_route_table.rt",
            "yandex_vpc_subnet.subnet-1"
          ]
        }
      ]
    },
    {
      "mode": "managed",
      "type": "yandex_vpc_network",
      "name": "network-1",
      "provider": "provider[\"registry.terraform.io/yandex-cloud/yandex\"]",
      "instances": [
        {
          "schema_version": 0,
          "attributes": {
            "created_at": "2025-10-23T10:39:39Z",
            "default_security_group_id": "enpkcshhsqjdrqljgpbc",
            "description": "",
            "folder_id": "b1ggfbvqp4r5b1trk8ec",
            "id": "enpo1a5vqqtqa4sci02b",
            "labels": {},
            "name": "network1",
            "subnet_ids": [
              "e9b0r3ip5ct4s2281pk0"
            ],
            "timeouts": null
          },
          "sensitive_attributes": [],
          "private": "eyJlMmJmYjczMC1lY2FhLTExZTYtOGY4OC0zNDM2M2JjN2M0YzAiOnsiY3JlYXRlIjo2MDAwMDAwMDAwMCwiZGVsZXRlIjo2MDAwMDAwMDAwMCwidXBkYXRlIjo2MDAwMDAwMDAwMH19"
        }
      ]
    },
    {
      "mode": "managed",
      "type": "yandex_vpc_route_table",
      "name": "rt",
      "provider": "provider[\"registry.terraform.io/yandex-cloud/yandex\"]",
      "instances": [
        {
          "schema_version": 0,
          "attributes": {
            "created_at": "2025-10-23T11:09:35Z",
            "description": "",
            "folder_id": "b1ggfbvqp4r5b1trk8ec",
            "id": "enpcu2lua3t1kn3oeo4l",
            "labels": {},
            "name": "route-table",
            "network_id": "enpo1a5vqqtqa4sci02b",
            "static_route": [
              {
                "destination_prefix": "0.0.0.0/0",
                "gateway_id": "enpkq1opuvtmifd46krm",
                "next_hop_address": ""
              }
            ],
            "timeouts": null
          },
          "sensitive_attributes": [],
          "private": "eyJlMmJmYjczMC1lY2FhLTExZTYtOGY4OC0zNDM2M2JjN2M0YzAiOnsiY3JlYXRlIjoxODAwMDAwMDAwMDAsImRlbGV0ZSI6MTgwMDAwMDAwMDAwLCJ1cGRhdGUiOjE4MDAwMDAwMDAwMH19",
          "dependencies": [
            "yandex_vpc_network.network-1"
          ]
        }
      ]
    },
    {
      "mode": "managed",
      "type": "yandex_vpc_subnet",
      "name": "subnet-1",
      "provider": "provider[\"registry.terraform.io/yandex-cloud/yandex\"]",
      "instances": [
        {
          "schema_version": 0,
          "attributes": {
            "created_at": "2025-10-23T10:39:43Z",
            "description": "",
            "dhcp_options": [],
            "folder_id": "b1ggfbvqp4r5b1trk8ec",
            "id": "e9b0r3ip5ct4s2281pk0",
            "labels": {},
            "name": "subnet1",
            "network_id": "enpo1a5vqqtqa4sci02b",
            "route_table_id": "enpcu2lua3t1kn3oeo4l",
            "timeouts": null,
            "v4_cidr_blocks": [
              "192.168.10.0/24"
            ],
            "v6_cidr_blocks": [],
            "zone": "ru-central1-a"
          },
          "sensitive_attributes": [],
          "private": "eyJlMmJmYjczMC1lY2FhLTExZTYtOGY4OC0zNDM2M2JjN2M0YzAiOnsiY3JlYXRlIjoxODAwMDAwMDAwMDAsImRlbGV0ZSI6MTgwMDAwMDAwMDAwLCJ1cGRhdGUiOjE4MDAwMDAwMDAwMH19",
          "dependencies": [
            "yandex_vpc_network.network-1",
            "yandex_vpc_route_table.rt"
          ]
        }
      ]
    }
  ],
  "check_results": null
}
